// !$*UTF8*$!
{
	archiveVersion = 1;
	classes = {
	};
	objectVersion = 46;
	objects = {

/* Begin PBXBuildFile section */
		84EA6F4518AB015200E81AC2 /* XLSettingF27ViewController.m in Sources */ = {isa = PBXBuildFile; fileRef = 84EA6F4418AB015200E81AC2 /* XLSettingF27ViewController.m */; };
		84EA6F4818AB260000E81AC2 /* XLSettingF26ViewController.m in Sources */ = {isa = PBXBuildFile; fileRef = 84EA6F4718AB260000E81AC2 /* XLSettingF26ViewController.m */; };
		C90DA1F818AA08FB00C5ACE4 /* XLMenuViewController.m in Sources */ = {isa = PBXBuildFile; fileRef = C90DA1F718AA08FB00C5ACE4 /* XLMenuViewController.m */; };
		C90DA1FE18AA0BD700C5ACE4 /* XLSettingViewController.m in Sources */ = {isa = PBXBuildFile; fileRef = C90DA1FD18AA0BD700C5ACE4 /* XLSettingViewController.m */; };
		C923D14D1895DFF5006EC8C6 /* XL3761AFNA.c in Sources */ = {isa = PBXBuildFile; fileRef = C923D14C1895DFF5006EC8C6 /* XL3761AFNA.c */; };
		C928AFCE188FC33300DA6592 /* XL3761AFN0.c in Sources */ = {isa = PBXBuildFile; fileRef = C928AFCD188FC33300DA6592 /* XL3761AFN0.c */; };
		C96E66EA1897351F005E19FE /* XLDataItem.m in Sources */ = {isa = PBXBuildFile; fileRef = C96E66E91897351F005E19FE /* XLDataItem.m */; };
		C999CF48187A9B7B00AD65D5 /* Foundation.framework in Frameworks */ = {isa = PBXBuildFile; fileRef = C999CF47187A9B7B00AD65D5 /* Foundation.framework */; };
		C999CF4A187A9B7B00AD65D5 /* CoreGraphics.framework in Frameworks */ = {isa = PBXBuildFile; fileRef = C999CF49187A9B7B00AD65D5 /* CoreGraphics.framework */; };
		C999CF4C187A9B7B00AD65D5 /* UIKit.framework in Frameworks */ = {isa = PBXBuildFile; fileRef = C999CF4B187A9B7B00AD65D5 /* UIKit.framework */; };
		C999CF52187A9B7B00AD65D5 /* InfoPlist.strings in Resources */ = {isa = PBXBuildFile; fileRef = C999CF50187A9B7B00AD65D5 /* InfoPlist.strings */; };
		C999CF54187A9B7B00AD65D5 /* main.m in Sources */ = {isa = PBXBuildFile; fileRef = C999CF53187A9B7B00AD65D5 /* main.m */; };
		C999CF58187A9B7B00AD65D5 /* XLAppDelegate.m in Sources */ = {isa = PBXBuildFile; fileRef = C999CF57187A9B7B00AD65D5 /* XLAppDelegate.m */; };
		C999CF5B187A9B7B00AD65D5 /* Main.storyboard in Resources */ = {isa = PBXBuildFile; fileRef = C999CF59187A9B7B00AD65D5 /* Main.storyboard */; };
		C999CF5E187A9B7B00AD65D5 /* XLViewController.m in Sources */ = {isa = PBXBuildFile; fileRef = C999CF5D187A9B7B00AD65D5 /* XLViewController.m */; };
		C999CF60187A9B7B00AD65D5 /* Images.xcassets in Resources */ = {isa = PBXBuildFile; fileRef = C999CF5F187A9B7B00AD65D5 /* Images.xcassets */; };
		C999CF67187A9B7B00AD65D5 /* XCTest.framework in Frameworks */ = {isa = PBXBuildFile; fileRef = C999CF66187A9B7B00AD65D5 /* XCTest.framework */; };
		C999CF68187A9B7B00AD65D5 /* Foundation.framework in Frameworks */ = {isa = PBXBuildFile; fileRef = C999CF47187A9B7B00AD65D5 /* Foundation.framework */; };
		C999CF69187A9B7B00AD65D5 /* UIKit.framework in Frameworks */ = {isa = PBXBuildFile; fileRef = C999CF4B187A9B7B00AD65D5 /* UIKit.framework */; };
		C999CF71187A9B7B00AD65D5 /* InfoPlist.strings in Resources */ = {isa = PBXBuildFile; fileRef = C999CF6F187A9B7B00AD65D5 /* InfoPlist.strings */; };
		C999CF73187A9B7B00AD65D5 /* C_ProtocolTests.m in Sources */ = {isa = PBXBuildFile; fileRef = C999CF72187A9B7B00AD65D5 /* C_ProtocolTests.m */; };
		C999CF85187A9BAB00AD65D5 /* XL3761UnPack.c in Sources */ = {isa = PBXBuildFile; fileRef = C999CF80187A9BAB00AD65D5 /* XL3761UnPack.c */; };
		C999CF86187A9BAB00AD65D5 /* XL3761UnPack.c in Sources */ = {isa = PBXBuildFile; fileRef = C999CF80187A9BAB00AD65D5 /* XL3761UnPack.c */; };
		C999CF87187A9BAB00AD65D5 /* XL3761AFND.c in Sources */ = {isa = PBXBuildFile; fileRef = C999CF82187A9BAB00AD65D5 /* XL3761AFND.c */; };
		C999CF88187A9BAB00AD65D5 /* XL3761AFND.c in Sources */ = {isa = PBXBuildFile; fileRef = C999CF82187A9BAB00AD65D5 /* XL3761AFND.c */; };
		C9B38F711884BF92001BC9AB /* XLParser.m in Sources */ = {isa = PBXBuildFile; fileRef = C9B38F701884BF92001BC9AB /* XLParser.m */; };
		C9B38F791884EB06001BC9AB /* XLUtility.c in Sources */ = {isa = PBXBuildFile; fileRef = C9B38F781884EB06001BC9AB /* XLUtility.c */; };
		C9B38F7A1884EB06001BC9AB /* XLUtility.c in Sources */ = {isa = PBXBuildFile; fileRef = C9B38F781884EB06001BC9AB /* XLUtility.c */; };
		C9B38F7D18850606001BC9AB /* XLCommon.c in Sources */ = {isa = PBXBuildFile; fileRef = C9B38F7C18850606001BC9AB /* XLCommon.c */; };
		C9B38FAD1885123D001BC9AB /* XL3761AFNE.c in Sources */ = {isa = PBXBuildFile; fileRef = C9B38FAC1885123D001BC9AB /* XL3761AFNE.c */; };
		C9B38FB218851F27001BC9AB /* XL3761PackFrame.c in Sources */ = {isa = PBXBuildFile; fileRef = C9B38FB118851F27001BC9AB /* XL3761PackFrame.c */; };
		C9C88AD0188657C100F4D245 /* XL3761AFNC.c in Sources */ = {isa = PBXBuildFile; fileRef = C9C88ACF188657C100F4D245 /* XL3761AFNC.c */; };
		C9C88AD21886805600F4D245 /* XL3761AFNE.c in Sources */ = {isa = PBXBuildFile; fileRef = C9B38FAC1885123D001BC9AB /* XL3761AFNE.c */; };
		C9C88AE0188E4EA900F4D245 /* XLSocketManager.m in Sources */ = {isa = PBXBuildFile; fileRef = C9C88ADF188E4EA900F4D245 /* XLSocketManager.m */; };
		C9C88AE5188E4F1800F4D245 /* GCDAsyncSocket.m in Sources */ = {isa = PBXBuildFile; fileRef = C9C88AE4188E4F1800F4D245 /* GCDAsyncSocket.m */; };
		C9C88AE8188E4F4F00F4D245 /* Security.framework in Frameworks */ = {isa = PBXBuildFile; fileRef = C9C88AE7188E4F4F00F4D245 /* Security.framework */; };
		C9C88AEA188E4F5400F4D245 /* CFNetwork.framework in Frameworks */ = {isa = PBXBuildFile; fileRef = C9C88AE9188E4F5400F4D245 /* CFNetwork.framework */; };
		C9C88AEF188E53E900F4D245 /* XLTestViewController.m in Sources */ = {isa = PBXBuildFile; fileRef = C9C88AED188E53E900F4D245 /* XLTestViewController.m */; };
		C9C88AF5188F4BB700F4D245 /* UIView+UIView___FindAndResignFirstResponder.m in Sources */ = {isa = PBXBuildFile; fileRef = C9C88AF4188F4BB700F4D245 /* UIView+UIView___FindAndResignFirstResponder.m */; };
/* End PBXBuildFile section */

/* Begin PBXContainerItemProxy section */
		C999CF6A187A9B7B00AD65D5 /* PBXContainerItemProxy */ = {
			isa = PBXContainerItemProxy;
			containerPortal = C999CF3C187A9B7B00AD65D5 /* Project object */;
			proxyType = 1;
			remoteGlobalIDString = C999CF43187A9B7B00AD65D5;
			remoteInfo = C_Protocol;
		};
/* End PBXContainerItemProxy section */

/* Begin PBXFileReference section */
		84EA6F4318AB015200E81AC2 /* XLSettingF27ViewController.h */ = {isa = PBXFileReference; fileEncoding = 4; lastKnownFileType = sourcecode.c.h; path = XLSettingF27ViewController.h; sourceTree = "<group>"; };
		84EA6F4418AB015200E81AC2 /* XLSettingF27ViewController.m */ = {isa = PBXFileReference; fileEncoding = 4; lastKnownFileType = sourcecode.c.objc; path = XLSettingF27ViewController.m; sourceTree = "<group>"; };
		84EA6F4618AB260000E81AC2 /* XLSettingF26ViewController.h */ = {isa = PBXFileReference; fileEncoding = 4; lastKnownFileType = sourcecode.c.h; path = XLSettingF26ViewController.h; sourceTree = "<group>"; };
		84EA6F4718AB260000E81AC2 /* XLSettingF26ViewController.m */ = {isa = PBXFileReference; fileEncoding = 4; lastKnownFileType = sourcecode.c.objc; path = XLSettingF26ViewController.m; sourceTree = "<group>"; };
		C90DA1F618AA08FB00C5ACE4 /* XLMenuViewController.h */ = {isa = PBXFileReference; fileEncoding = 4; lastKnownFileType = sourcecode.c.h; path = XLMenuViewController.h; sourceTree = "<group>"; };
		C90DA1F718AA08FB00C5ACE4 /* XLMenuViewController.m */ = {isa = PBXFileReference; fileEncoding = 4; lastKnownFileType = sourcecode.c.objc; path = XLMenuViewController.m; sourceTree = "<group>"; };
		C90DA1FC18AA0BD700C5ACE4 /* XLSettingViewController.h */ = {isa = PBXFileReference; fileEncoding = 4; lastKnownFileType = sourcecode.c.h; path = XLSettingViewController.h; sourceTree = "<group>"; };
		C90DA1FD18AA0BD700C5ACE4 /* XLSettingViewController.m */ = {isa = PBXFileReference; fileEncoding = 4; lastKnownFileType = sourcecode.c.objc; path = XLSettingViewController.m; sourceTree = "<group>"; };
		C923D14B1895DFE1006EC8C6 /* XL3761AFNA.h */ = {isa = PBXFileReference; fileEncoding = 4; lastKnownFileType = sourcecode.c.h; path = XL3761AFNA.h; sourceTree = "<group>"; };
		C923D14C1895DFF5006EC8C6 /* XL3761AFNA.c */ = {isa = PBXFileReference; fileEncoding = 4; lastKnownFileType = sourcecode.c.c; path = XL3761AFNA.c; sourceTree = "<group>"; };
		C928AFCC188FC2AE00DA6592 /* XL3761AFN0.h */ = {isa = PBXFileReference; fileEncoding = 4; lastKnownFileType = sourcecode.c.h; path = XL3761AFN0.h; sourceTree = "<group>"; };
		C928AFCD188FC33300DA6592 /* XL3761AFN0.c */ = {isa = PBXFileReference; fileEncoding = 4; lastKnownFileType = sourcecode.c.c; path = XL3761AFN0.c; sourceTree = "<group>"; };
		C96E66E81897351F005E19FE /* XLDataItem.h */ = {isa = PBXFileReference; fileEncoding = 4; lastKnownFileType = sourcecode.c.h; path = XLDataItem.h; sourceTree = "<group>"; };
		C96E66E91897351F005E19FE /* XLDataItem.m */ = {isa = PBXFileReference; fileEncoding = 4; lastKnownFileType = sourcecode.c.objc; path = XLDataItem.m; sourceTree = "<group>"; };
		C999CF44187A9B7B00AD65D5 /* C_Protocol.app */ = {isa = PBXFileReference; explicitFileType = wrapper.application; includeInIndex = 0; path = C_Protocol.app; sourceTree = BUILT_PRODUCTS_DIR; };
		C999CF47187A9B7B00AD65D5 /* Foundation.framework */ = {isa = PBXFileReference; lastKnownFileType = wrapper.framework; name = Foundation.framework; path = System/Library/Frameworks/Foundation.framework; sourceTree = SDKROOT; };
		C999CF49187A9B7B00AD65D5 /* CoreGraphics.framework */ = {isa = PBXFileReference; lastKnownFileType = wrapper.framework; name = CoreGraphics.framework; path = System/Library/Frameworks/CoreGraphics.framework; sourceTree = SDKROOT; };
		C999CF4B187A9B7B00AD65D5 /* UIKit.framework */ = {isa = PBXFileReference; lastKnownFileType = wrapper.framework; name = UIKit.framework; path = System/Library/Frameworks/UIKit.framework; sourceTree = SDKROOT; };
		C999CF4F187A9B7B00AD65D5 /* C_Protocol-Info.plist */ = {isa = PBXFileReference; lastKnownFileType = text.plist.xml; path = "C_Protocol-Info.plist"; sourceTree = "<group>"; };
		C999CF51187A9B7B00AD65D5 /* en */ = {isa = PBXFileReference; lastKnownFileType = text.plist.strings; name = en; path = en.lproj/InfoPlist.strings; sourceTree = "<group>"; };
		C999CF53187A9B7B00AD65D5 /* main.m */ = {isa = PBXFileReference; lastKnownFileType = sourcecode.c.objc; path = main.m; sourceTree = "<group>"; };
		C999CF55187A9B7B00AD65D5 /* C_Protocol-Prefix.pch */ = {isa = PBXFileReference; lastKnownFileType = sourcecode.c.h; path = "C_Protocol-Prefix.pch"; sourceTree = "<group>"; };
		C999CF56187A9B7B00AD65D5 /* XLAppDelegate.h */ = {isa = PBXFileReference; lastKnownFileType = sourcecode.c.h; path = XLAppDelegate.h; sourceTree = "<group>"; };
		C999CF57187A9B7B00AD65D5 /* XLAppDelegate.m */ = {isa = PBXFileReference; lastKnownFileType = sourcecode.c.objc; path = XLAppDelegate.m; sourceTree = "<group>"; };
		C999CF5A187A9B7B00AD65D5 /* Base */ = {isa = PBXFileReference; lastKnownFileType = file.storyboard; name = Base; path = Base.lproj/Main.storyboard; sourceTree = "<group>"; };
		C999CF5C187A9B7B00AD65D5 /* XLViewController.h */ = {isa = PBXFileReference; lastKnownFileType = sourcecode.c.h; path = XLViewController.h; sourceTree = "<group>"; };
		C999CF5D187A9B7B00AD65D5 /* XLViewController.m */ = {isa = PBXFileReference; lastKnownFileType = sourcecode.c.objc; path = XLViewController.m; sourceTree = "<group>"; };
		C999CF5F187A9B7B00AD65D5 /* Images.xcassets */ = {isa = PBXFileReference; lastKnownFileType = folder.assetcatalog; path = Images.xcassets; sourceTree = "<group>"; };
		C999CF65187A9B7B00AD65D5 /* C_ProtocolTests.xctest */ = {isa = PBXFileReference; explicitFileType = wrapper.cfbundle; includeInIndex = 0; path = C_ProtocolTests.xctest; sourceTree = BUILT_PRODUCTS_DIR; };
		C999CF66187A9B7B00AD65D5 /* XCTest.framework */ = {isa = PBXFileReference; lastKnownFileType = wrapper.framework; name = XCTest.framework; path = Library/Frameworks/XCTest.framework; sourceTree = DEVELOPER_DIR; };
		C999CF6E187A9B7B00AD65D5 /* C_ProtocolTests-Info.plist */ = {isa = PBXFileReference; lastKnownFileType = text.plist.xml; path = "C_ProtocolTests-Info.plist"; sourceTree = "<group>"; };
		C999CF70187A9B7B00AD65D5 /* en */ = {isa = PBXFileReference; lastKnownFileType = text.plist.strings; name = en; path = en.lproj/InfoPlist.strings; sourceTree = "<group>"; };
		C999CF72187A9B7B00AD65D5 /* C_ProtocolTests.m */ = {isa = PBXFileReference; lastKnownFileType = sourcecode.c.objc; path = C_ProtocolTests.m; sourceTree = "<group>"; };
		C999CF7F187A9BAB00AD65D5 /* XL3761UnPack.h */ = {isa = PBXFileReference; fileEncoding = 4; lastKnownFileType = sourcecode.c.h; path = XL3761UnPack.h; sourceTree = "<group>"; };
		C999CF80187A9BAB00AD65D5 /* XL3761UnPack.c */ = {isa = PBXFileReference; fileEncoding = 4; lastKnownFileType = sourcecode.c.c; path = XL3761UnPack.c; sourceTree = "<group>"; };
		C999CF81187A9BAB00AD65D5 /* XL3761AFND.h */ = {isa = PBXFileReference; fileEncoding = 4; lastKnownFileType = sourcecode.c.h; path = XL3761AFND.h; sourceTree = "<group>"; };
		C999CF82187A9BAB00AD65D5 /* XL3761AFND.c */ = {isa = PBXFileReference; fileEncoding = 4; lastKnownFileType = sourcecode.c.c; path = XL3761AFND.c; sourceTree = "<group>"; };
		C999CF8B187AB77D00AD65D5 /* XLDataType.h */ = {isa = PBXFileReference; fileEncoding = 4; lastKnownFileType = sourcecode.c.h; path = XLDataType.h; sourceTree = "<group>"; };
		C999D02B187BB66600AD65D5 /* XLFrame.h */ = {isa = PBXFileReference; fileEncoding = 4; lastKnownFileType = sourcecode.c.h; path = XLFrame.h; sourceTree = "<group>"; };
		C999D039187D21FB00AD65D5 /* XLDataId.h */ = {isa = PBXFileReference; fileEncoding = 4; lastKnownFileType = sourcecode.c.h; path = XLDataId.h; sourceTree = "<group>"; };
		C999D03A187D221D00AD65D5 /* XLDataTypeDic.h */ = {isa = PBXFileReference; fileEncoding = 4; lastKnownFileType = sourcecode.c.h; path = XLDataTypeDic.h; sourceTree = "<group>"; };
		C9B38F6F1884BF92001BC9AB /* XLParser.h */ = {isa = PBXFileReference; fileEncoding = 4; lastKnownFileType = sourcecode.c.h; path = XLParser.h; sourceTree = "<group>"; };
		C9B38F701884BF92001BC9AB /* XLParser.m */ = {isa = PBXFileReference; fileEncoding = 4; lastKnownFileType = sourcecode.c.objc; path = XLParser.m; sourceTree = "<group>"; };
		C9B38F771884EAF1001BC9AB /* XLUtility.h */ = {isa = PBXFileReference; fileEncoding = 4; lastKnownFileType = sourcecode.c.h; path = XLUtility.h; sourceTree = "<group>"; };
		C9B38F781884EB06001BC9AB /* XLUtility.c */ = {isa = PBXFileReference; fileEncoding = 4; lastKnownFileType = sourcecode.c.c; path = XLUtility.c; sourceTree = "<group>"; };
		C9B38F7B18850586001BC9AB /* XLCommon.h */ = {isa = PBXFileReference; fileEncoding = 4; lastKnownFileType = sourcecode.c.h; path = XLCommon.h; sourceTree = "<group>"; };
		C9B38F7C18850606001BC9AB /* XLCommon.c */ = {isa = PBXFileReference; fileEncoding = 4; lastKnownFileType = sourcecode.c.c; path = XLCommon.c; sourceTree = "<group>"; };
		C9B38FAB18851221001BC9AB /* XL3761AFNE.h */ = {isa = PBXFileReference; fileEncoding = 4; lastKnownFileType = sourcecode.c.h; path = XL3761AFNE.h; sourceTree = "<group>"; };
		C9B38FAC1885123D001BC9AB /* XL3761AFNE.c */ = {isa = PBXFileReference; fileEncoding = 4; lastKnownFileType = sourcecode.c.c; path = XL3761AFNE.c; sourceTree = "<group>"; };
		C9B38FB018851F15001BC9AB /* XL3761PackFrame.h */ = {isa = PBXFileReference; fileEncoding = 4; lastKnownFileType = sourcecode.c.h; path = XL3761PackFrame.h; sourceTree = "<group>"; };
		C9B38FB118851F27001BC9AB /* XL3761PackFrame.c */ = {isa = PBXFileReference; fileEncoding = 4; lastKnownFileType = sourcecode.c.c; path = XL3761PackFrame.c; sourceTree = "<group>"; };
		C9C88ACE188657AA00F4D245 /* XL3761AFNC.h */ = {isa = PBXFileReference; fileEncoding = 4; lastKnownFileType = sourcecode.c.h; path = XL3761AFNC.h; sourceTree = "<group>"; };
		C9C88ACF188657C100F4D245 /* XL3761AFNC.c */ = {isa = PBXFileReference; fileEncoding = 4; lastKnownFileType = sourcecode.c.c; path = XL3761AFNC.c; sourceTree = "<group>"; };
		C9C88ADE188E4EA900F4D245 /* XLSocketManager.h */ = {isa = PBXFileReference; fileEncoding = 4; lastKnownFileType = sourcecode.c.h; path = XLSocketManager.h; sourceTree = "<group>"; };
		C9C88ADF188E4EA900F4D245 /* XLSocketManager.m */ = {isa = PBXFileReference; fileEncoding = 4; lastKnownFileType = sourcecode.c.objc; path = XLSocketManager.m; sourceTree = "<group>"; };
		C9C88AE1188E4ECD00F4D245 /* SynthesizeSingleton.h */ = {isa = PBXFileReference; fileEncoding = 4; lastKnownFileType = sourcecode.c.h; path = SynthesizeSingleton.h; sourceTree = "<group>"; };
		C9C88AE3188E4F1800F4D245 /* GCDAsyncSocket.h */ = {isa = PBXFileReference; fileEncoding = 4; lastKnownFileType = sourcecode.c.h; path = GCDAsyncSocket.h; sourceTree = "<group>"; };
		C9C88AE4188E4F1800F4D245 /* GCDAsyncSocket.m */ = {isa = PBXFileReference; fileEncoding = 4; lastKnownFileType = sourcecode.c.objc; path = GCDAsyncSocket.m; sourceTree = "<group>"; };
		C9C88AE7188E4F4F00F4D245 /* Security.framework */ = {isa = PBXFileReference; lastKnownFileType = wrapper.framework; name = Security.framework; path = System/Library/Frameworks/Security.framework; sourceTree = SDKROOT; };
		C9C88AE9188E4F5400F4D245 /* CFNetwork.framework */ = {isa = PBXFileReference; lastKnownFileType = wrapper.framework; name = CFNetwork.framework; path = System/Library/Frameworks/CFNetwork.framework; sourceTree = SDKROOT; };
		C9C88AEB188E4F7600F4D245 /* XLExternals.h */ = {isa = PBXFileReference; fileEncoding = 4; lastKnownFileType = sourcecode.c.h; path = XLExternals.h; sourceTree = "<group>"; };
		C9C88AEC188E53E900F4D245 /* XLTestViewController.h */ = {isa = PBXFileReference; fileEncoding = 4; lastKnownFileType = sourcecode.c.h; path = XLTestViewController.h; sourceTree = "<group>"; };
		C9C88AED188E53E900F4D245 /* XLTestViewController.m */ = {isa = PBXFileReference; fileEncoding = 4; lastKnownFileType = sourcecode.c.objc; path = XLTestViewController.m; sourceTree = "<group>"; };
		C9C88AF3188F4BB700F4D245 /* UIView+UIView___FindAndResignFirstResponder.h */ = {isa = PBXFileReference; fileEncoding = 4; lastKnownFileType = sourcecode.c.h; path = "UIView+UIView___FindAndResignFirstResponder.h"; sourceTree = "<group>"; };
		C9C88AF4188F4BB700F4D245 /* UIView+UIView___FindAndResignFirstResponder.m */ = {isa = PBXFileReference; fileEncoding = 4; lastKnownFileType = sourcecode.c.objc; path = "UIView+UIView___FindAndResignFirstResponder.m"; sourceTree = "<group>"; };
/* End PBXFileReference section */

/* Begin PBXFrameworksBuildPhase section */
		C999CF41187A9B7B00AD65D5 /* Frameworks */ = {
			isa = PBXFrameworksBuildPhase;
			buildActionMask = 2147483647;
			files = (
				C9C88AEA188E4F5400F4D245 /* CFNetwork.framework in Frameworks */,
				C9C88AE8188E4F4F00F4D245 /* Security.framework in Frameworks */,
				C999CF4A187A9B7B00AD65D5 /* CoreGraphics.framework in Frameworks */,
				C999CF4C187A9B7B00AD65D5 /* UIKit.framework in Frameworks */,
				C999CF48187A9B7B00AD65D5 /* Foundation.framework in Frameworks */,
			);
			runOnlyForDeploymentPostprocessing = 0;
		};
		C999CF62187A9B7B00AD65D5 /* Frameworks */ = {
			isa = PBXFrameworksBuildPhase;
			buildActionMask = 2147483647;
			files = (
				C999CF67187A9B7B00AD65D5 /* XCTest.framework in Frameworks */,
				C999CF69187A9B7B00AD65D5 /* UIKit.framework in Frameworks */,
				C999CF68187A9B7B00AD65D5 /* Foundation.framework in Frameworks */,
			);
			runOnlyForDeploymentPostprocessing = 0;
		};
/* End PBXFrameworksBuildPhase section */

/* Begin PBXGroup section */
		C999CF3B187A9B7B00AD65D5 = {
			isa = PBXGroup;
			children = (
				C999CF4D187A9B7B00AD65D5 /* C_Protocol */,
				C999CF6C187A9B7B00AD65D5 /* C_ProtocolTests */,
				C999CF46187A9B7B00AD65D5 /* Frameworks */,
				C999CF45187A9B7B00AD65D5 /* Products */,
			);
			sourceTree = "<group>";
		};
		C999CF45187A9B7B00AD65D5 /* Products */ = {
			isa = PBXGroup;
			children = (
				C999CF44187A9B7B00AD65D5 /* C_Protocol.app */,
				C999CF65187A9B7B00AD65D5 /* C_ProtocolTests.xctest */,
			);
			name = Products;
			sourceTree = "<group>";
		};
		C999CF46187A9B7B00AD65D5 /* Frameworks */ = {
			isa = PBXGroup;
			children = (
				C9C88AE9188E4F5400F4D245 /* CFNetwork.framework */,
				C9C88AE7188E4F4F00F4D245 /* Security.framework */,
				C999CF47187A9B7B00AD65D5 /* Foundation.framework */,
				C999CF66187A9B7B00AD65D5 /* XCTest.framework */,
				C999CF49187A9B7B00AD65D5 /* CoreGraphics.framework */,
				C999CF4B187A9B7B00AD65D5 /* UIKit.framework */,
			);
			name = Frameworks;
			sourceTree = "<group>";
		};
		C999CF4D187A9B7B00AD65D5 /* C_Protocol */ = {
			isa = PBXGroup;
			children = (
				C9C88AE2188E4F0900F4D245 /* External */,
				C9C88ADD188E4E8A00F4D245 /* Communication */,
				C999CF7C187A9B9B00AD65D5 /* Protocol */,
				C999CF56187A9B7B00AD65D5 /* XLAppDelegate.h */,
				C999CF57187A9B7B00AD65D5 /* XLAppDelegate.m */,
				C90DA1F618AA08FB00C5ACE4 /* XLMenuViewController.h */,
				C90DA1F718AA08FB00C5ACE4 /* XLMenuViewController.m */,
				C90DA1FC18AA0BD700C5ACE4 /* XLSettingViewController.h */,
				C90DA1FD18AA0BD700C5ACE4 /* XLSettingViewController.m */,
				C9C88AEC188E53E900F4D245 /* XLTestViewController.h */,
				C9C88AED188E53E900F4D245 /* XLTestViewController.m */,
				C9C88AF3188F4BB700F4D245 /* UIView+UIView___FindAndResignFirstResponder.h */,
				C9C88AF4188F4BB700F4D245 /* UIView+UIView___FindAndResignFirstResponder.m */,
				C999CF5C187A9B7B00AD65D5 /* XLViewController.h */,
				C999CF5D187A9B7B00AD65D5 /* XLViewController.m */,
				C999CF5F187A9B7B00AD65D5 /* Images.xcassets */,
				C999CF59187A9B7B00AD65D5 /* Main.storyboard */,
				C999CF4E187A9B7B00AD65D5 /* Supporting Files */,
				84EA6F4318AB015200E81AC2 /* XLSettingF27ViewController.h */,
				84EA6F4418AB015200E81AC2 /* XLSettingF27ViewController.m */,
				84EA6F4618AB260000E81AC2 /* XLSettingF26ViewController.h */,
				84EA6F4718AB260000E81AC2 /* XLSettingF26ViewController.m */,
			);
			path = C_Protocol;
			sourceTree = "<group>";
		};
		C999CF4E187A9B7B00AD65D5 /* Supporting Files */ = {
			isa = PBXGroup;
			children = (
				C999CF4F187A9B7B00AD65D5 /* C_Protocol-Info.plist */,
				C999CF50187A9B7B00AD65D5 /* InfoPlist.strings */,
				C999CF53187A9B7B00AD65D5 /* main.m */,
				C999CF55187A9B7B00AD65D5 /* C_Protocol-Prefix.pch */,
			);
			name = "Supporting Files";
			sourceTree = "<group>";
		};
		C999CF6C187A9B7B00AD65D5 /* C_ProtocolTests */ = {
			isa = PBXGroup;
			children = (
				C999CF72187A9B7B00AD65D5 /* C_ProtocolTests.m */,
				C999CF6D187A9B7B00AD65D5 /* Supporting Files */,
			);
			path = C_ProtocolTests;
			sourceTree = "<group>";
		};
		C999CF6D187A9B7B00AD65D5 /* Supporting Files */ = {
			isa = PBXGroup;
			children = (
				C999CF6E187A9B7B00AD65D5 /* C_ProtocolTests-Info.plist */,
				C999CF6F187A9B7B00AD65D5 /* InfoPlist.strings */,
			);
			name = "Supporting Files";
			sourceTree = "<group>";
		};
		C999CF7C187A9B9B00AD65D5 /* Protocol */ = {
			isa = PBXGroup;
			children = (
				C9B38FAA18850DF3001BC9AB /* Head */,
				C9B38F781884EB06001BC9AB /* XLUtility.c */,
				C9B38F7C18850606001BC9AB /* XLCommon.c */,
				C999CF80187A9BAB00AD65D5 /* XL3761UnPack.c */,
				C928AFCD188FC33300DA6592 /* XL3761AFN0.c */,
				C923D14C1895DFF5006EC8C6 /* XL3761AFNA.c */,
				C9C88ACF188657C100F4D245 /* XL3761AFNC.c */,
				C999CF82187A9BAB00AD65D5 /* XL3761AFND.c */,
				C9B38FAC1885123D001BC9AB /* XL3761AFNE.c */,
				C9B38FB118851F27001BC9AB /* XL3761PackFrame.c */,
			);
			name = Protocol;
			sourceTree = "<group>";
		};
		C9B38FAA18850DF3001BC9AB /* Head */ = {
			isa = PBXGroup;
			children = (
				C9B38F771884EAF1001BC9AB /* XLUtility.h */,
				C9B38F7B18850586001BC9AB /* XLCommon.h */,
				C999D039187D21FB00AD65D5 /* XLDataId.h */,
				C999D03A187D221D00AD65D5 /* XLDataTypeDic.h */,
				C999CF8B187AB77D00AD65D5 /* XLDataType.h */,
				C999D02B187BB66600AD65D5 /* XLFrame.h */,
				C999CF7F187A9BAB00AD65D5 /* XL3761UnPack.h */,
				C9B38FB018851F15001BC9AB /* XL3761PackFrame.h */,
				C928AFCC188FC2AE00DA6592 /* XL3761AFN0.h */,
				C923D14B1895DFE1006EC8C6 /* XL3761AFNA.h */,
				C9C88ACE188657AA00F4D245 /* XL3761AFNC.h */,
				C999CF81187A9BAB00AD65D5 /* XL3761AFND.h */,
				C9B38FAB18851221001BC9AB /* XL3761AFNE.h */,
			);
			name = Head;
			sourceTree = "<group>";
		};
		C9C88ADD188E4E8A00F4D245 /* Communication */ = {
			isa = PBXGroup;
			children = (
				C9C88AEB188E4F7600F4D245 /* XLExternals.h */,
				C9C88AE1188E4ECD00F4D245 /* SynthesizeSingleton.h */,
				C9B38F6F1884BF92001BC9AB /* XLParser.h */,
				C9B38F701884BF92001BC9AB /* XLParser.m */,
				C9C88ADE188E4EA900F4D245 /* XLSocketManager.h */,
				C9C88ADF188E4EA900F4D245 /* XLSocketManager.m */,
				C96E66E81897351F005E19FE /* XLDataItem.h */,
				C96E66E91897351F005E19FE /* XLDataItem.m */,
			);
			name = Communication;
			sourceTree = "<group>";
		};
		C9C88AE2188E4F0900F4D245 /* External */ = {
			isa = PBXGroup;
			children = (
				C9C88AE6188E4F1E00F4D245 /* Socket */,
			);
			name = External;
			sourceTree = "<group>";
		};
		C9C88AE6188E4F1E00F4D245 /* Socket */ = {
			isa = PBXGroup;
			children = (
				C9C88AE3188E4F1800F4D245 /* GCDAsyncSocket.h */,
				C9C88AE4188E4F1800F4D245 /* GCDAsyncSocket.m */,
			);
			name = Socket;
			sourceTree = "<group>";
		};
/* End PBXGroup section */

/* Begin PBXNativeTarget section */
		C999CF43187A9B7B00AD65D5 /* C_Protocol */ = {
			isa = PBXNativeTarget;
			buildConfigurationList = C999CF76187A9B7C00AD65D5 /* Build configuration list for PBXNativeTarget "C_Protocol" */;
			buildPhases = (
				C999CF40187A9B7B00AD65D5 /* Sources */,
				C999CF41187A9B7B00AD65D5 /* Frameworks */,
				C999CF42187A9B7B00AD65D5 /* Resources */,
			);
			buildRules = (
			);
			dependencies = (
			);
			name = C_Protocol;
			productName = C_Protocol;
			productReference = C999CF44187A9B7B00AD65D5 /* C_Protocol.app */;
			productType = "com.apple.product-type.application";
		};
		C999CF64187A9B7B00AD65D5 /* C_ProtocolTests */ = {
			isa = PBXNativeTarget;
			buildConfigurationList = C999CF79187A9B7C00AD65D5 /* Build configuration list for PBXNativeTarget "C_ProtocolTests" */;
			buildPhases = (
				C999CF61187A9B7B00AD65D5 /* Sources */,
				C999CF62187A9B7B00AD65D5 /* Frameworks */,
				C999CF63187A9B7B00AD65D5 /* Resources */,
			);
			buildRules = (
			);
			dependencies = (
				C999CF6B187A9B7B00AD65D5 /* PBXTargetDependency */,
			);
			name = C_ProtocolTests;
			productName = C_ProtocolTests;
			productReference = C999CF65187A9B7B00AD65D5 /* C_ProtocolTests.xctest */;
			productType = "com.apple.product-type.bundle.unit-test";
		};
/* End PBXNativeTarget section */

/* Begin PBXProject section */
		C999CF3C187A9B7B00AD65D5 /* Project object */ = {
			isa = PBXProject;
			attributes = {
				CLASSPREFIX = XL;
				LastUpgradeCheck = 0500;
				ORGANIZATIONNAME = XLDZ;
				TargetAttributes = {
					C999CF64187A9B7B00AD65D5 = {
						TestTargetID = C999CF43187A9B7B00AD65D5;
					};
				};
			};
			buildConfigurationList = C999CF3F187A9B7B00AD65D5 /* Build configuration list for PBXProject "C_Protocol" */;
			compatibilityVersion = "Xcode 3.2";
			developmentRegion = English;
			hasScannedForEncodings = 0;
			knownRegions = (
				en,
				Base,
			);
			mainGroup = C999CF3B187A9B7B00AD65D5;
			productRefGroup = C999CF45187A9B7B00AD65D5 /* Products */;
			projectDirPath = "";
			projectRoot = "";
			targets = (
				C999CF43187A9B7B00AD65D5 /* C_Protocol */,
				C999CF64187A9B7B00AD65D5 /* C_ProtocolTests */,
			);
		};
/* End PBXProject section */

/* Begin PBXResourcesBuildPhase section */
		C999CF42187A9B7B00AD65D5 /* Resources */ = {
			isa = PBXResourcesBuildPhase;
			buildActionMask = 2147483647;
			files = (
				C999CF60187A9B7B00AD65D5 /* Images.xcassets in Resources */,
				C999CF52187A9B7B00AD65D5 /* InfoPlist.strings in Resources */,
				C999CF5B187A9B7B00AD65D5 /* Main.storyboard in Resources */,
			);
			runOnlyForDeploymentPostprocessing = 0;
		};
		C999CF63187A9B7B00AD65D5 /* Resources */ = {
			isa = PBXResourcesBuildPhase;
			buildActionMask = 2147483647;
			files = (
				C999CF71187A9B7B00AD65D5 /* InfoPlist.strings in Resources */,
			);
			runOnlyForDeploymentPostprocessing = 0;
		};
/* End PBXResourcesBuildPhase section */

/* Begin PBXSourcesBuildPhase section */
		C999CF40187A9B7B00AD65D5 /* Sources */ = {
			isa = PBXSourcesBuildPhase;
			buildActionMask = 2147483647;
			files = (
				C9C88AE0188E4EA900F4D245 /* XLSocketManager.m in Sources */,
				C923D14D1895DFF5006EC8C6 /* XL3761AFNA.c in Sources */,
				C96E66EA1897351F005E19FE /* XLDataItem.m in Sources */,
				C9C88AE5188E4F1800F4D245 /* GCDAsyncSocket.m in Sources */,
				C9B38F7D18850606001BC9AB /* XLCommon.c in Sources */,
				C999CF87187A9BAB00AD65D5 /* XL3761AFND.c in Sources */,
				C9C88AEF188E53E900F4D245 /* XLTestViewController.m in Sources */,
				C9B38F711884BF92001BC9AB /* XLParser.m in Sources */,
				84EA6F4518AB015200E81AC2 /* XLSettingF27ViewController.m in Sources */,
				C9B38FAD1885123D001BC9AB /* XL3761AFNE.c in Sources */,
				C90DA1FE18AA0BD700C5ACE4 /* XLSettingViewController.m in Sources */,
				C928AFCE188FC33300DA6592 /* XL3761AFN0.c in Sources */,
				C9B38F791884EB06001BC9AB /* XLUtility.c in Sources */,
				C999CF58187A9B7B00AD65D5 /* XLAppDelegate.m in Sources */,
				C999CF54187A9B7B00AD65D5 /* main.m in Sources */,
				C9C88AF5188F4BB700F4D245 /* UIView+UIView___FindAndResignFirstResponder.m in Sources */,
				C9C88AD0188657C100F4D245 /* XL3761AFNC.c in Sources */,
				C999CF5E187A9B7B00AD65D5 /* XLViewController.m in Sources */,
				84EA6F4818AB260000E81AC2 /* XLSettingF26ViewController.m in Sources */,
				C90DA1F818AA08FB00C5ACE4 /* XLMenuViewController.m in Sources */,
				C999CF85187A9BAB00AD65D5 /* XL3761UnPack.c in Sources */,
				C9B38FB218851F27001BC9AB /* XL3761PackFrame.c in Sources */,
			);
			runOnlyForDeploymentPostprocessing = 0;
		};
		C999CF61187A9B7B00AD65D5 /* Sources */ = {
			isa = PBXSourcesBuildPhase;
			buildActionMask = 2147483647;
			files = (
				C9B38F7A1884EB06001BC9AB /* XLUtility.c in Sources */,
				C999CF86187A9BAB00AD65D5 /* XL3761UnPack.c in Sources */,
				C999CF73187A9B7B00AD65D5 /* C_ProtocolTests.m in Sources */,
				C999CF88187A9BAB00AD65D5 /* XL3761AFND.c in Sources */,
				C9C88AD21886805600F4D245 /* XL3761AFNE.c in Sources */,
			);
			runOnlyForDeploymentPostprocessing = 0;
		};
/* End PBXSourcesBuildPhase section */

/* Begin PBXTargetDependency section */
		C999CF6B187A9B7B00AD65D5 /* PBXTargetDependency */ = {
			isa = PBXTargetDependency;
			target = C999CF43187A9B7B00AD65D5 /* C_Protocol */;
			targetProxy = C999CF6A187A9B7B00AD65D5 /* PBXContainerItemProxy */;
		};
/* End PBXTargetDependency section */

/* Begin PBXVariantGroup section */
		C999CF50187A9B7B00AD65D5 /* InfoPlist.strings */ = {
			isa = PBXVariantGroup;
			children = (
				C999CF51187A9B7B00AD65D5 /* en */,
			);
			name = InfoPlist.strings;
			sourceTree = "<group>";
		};
		C999CF59187A9B7B00AD65D5 /* Main.storyboard */ = {
			isa = PBXVariantGroup;
			children = (
				C999CF5A187A9B7B00AD65D5 /* Base */,
			);
			name = Main.storyboard;
			sourceTree = "<group>";
		};
		C999CF6F187A9B7B00AD65D5 /* InfoPlist.strings */ = {
			isa = PBXVariantGroup;
			children = (
				C999CF70187A9B7B00AD65D5 /* en */,
			);
			name = InfoPlist.strings;
			sourceTree = "<group>";
		};
/* End PBXVariantGroup section */

/* Begin XCBuildConfiguration section */
		C999CF74187A9B7C00AD65D5 /* Debug */ = {
			isa = XCBuildConfiguration;
			buildSettings = {
				ALWAYS_SEARCH_USER_PATHS = NO;
				ARCHS = "$(ARCHS_STANDARD_INCLUDING_64_BIT)";
				CLANG_CXX_LANGUAGE_STANDARD = "gnu++0x";
				CLANG_CXX_LIBRARY = "libc++";
				CLANG_ENABLE_MODULES = YES;
				CLANG_ENABLE_OBJC_ARC = YES;
				CLANG_WARN_BOOL_CONVERSION = YES;
				CLANG_WARN_CONSTANT_CONVERSION = YES;
				CLANG_WARN_DIRECT_OBJC_ISA_USAGE = YES_ERROR;
				CLANG_WARN_EMPTY_BODY = YES;
				CLANG_WARN_ENUM_CONVERSION = YES;
				CLANG_WARN_INT_CONVERSION = YES;
				CLANG_WARN_OBJC_ROOT_CLASS = YES_ERROR;
				CLANG_WARN__DUPLICATE_METHOD_MATCH = YES;
				"CODE_SIGN_IDENTITY[sdk=iphoneos*]" = "iPhone Developer";
				COPY_PHASE_STRIP = NO;
				GCC_C_LANGUAGE_STANDARD = gnu99;
				GCC_DYNAMIC_NO_PIC = NO;
				GCC_OPTIMIZATION_LEVEL = 0;
				GCC_PREPROCESSOR_DEFINITIONS = (
					"DEBUG=1",
					"$(inherited)",
				);
				GCC_SYMBOLS_PRIVATE_EXTERN = NO;
				GCC_WARN_64_TO_32_BIT_CONVERSION = YES;
				GCC_WARN_ABOUT_RETURN_TYPE = YES_ERROR;
				GCC_WARN_UNDECLARED_SELECTOR = YES;
				GCC_WARN_UNINITIALIZED_AUTOS = YES;
				GCC_WARN_UNUSED_FUNCTION = YES;
				GCC_WARN_UNUSED_VARIABLE = YES;
				IPHONEOS_DEPLOYMENT_TARGET = 7.0;
				ONLY_ACTIVE_ARCH = YES;
				SDKROOT = iphoneos;
			};
			name = Debug;
		};
		C999CF75187A9B7C00AD65D5 /* Release */ = {
			isa = XCBuildConfiguration;
			buildSettings = {
				ALWAYS_SEARCH_USER_PATHS = NO;
				ARCHS = "$(ARCHS_STANDARD_INCLUDING_64_BIT)";
				CLANG_CXX_LANGUAGE_STANDARD = "gnu++0x";
				CLANG_CXX_LIBRARY = "libc++";
				CLANG_ENABLE_MODULES = YES;
				CLANG_ENABLE_OBJC_ARC = YES;
				CLANG_WARN_BOOL_CONVERSION = YES;
				CLANG_WARN_CONSTANT_CONVERSION = YES;
				CLANG_WARN_DIRECT_OBJC_ISA_USAGE = YES_ERROR;
				CLANG_WARN_EMPTY_BODY = YES;
				CLANG_WARN_ENUM_CONVERSION = YES;
				CLANG_WARN_INT_CONVERSION = YES;
				CLANG_WARN_OBJC_ROOT_CLASS = YES_ERROR;
				CLANG_WARN__DUPLICATE_METHOD_MATCH = YES;
				"CODE_SIGN_IDENTITY[sdk=iphoneos*]" = "iPhone Developer";
				COPY_PHASE_STRIP = YES;
				ENABLE_NS_ASSERTIONS = NO;
				GCC_C_LANGUAGE_STANDARD = gnu99;
				GCC_WARN_64_TO_32_BIT_CONVERSION = YES;
				GCC_WARN_ABOUT_RETURN_TYPE = YES_ERROR;
				GCC_WARN_UNDECLARED_SELECTOR = YES;
				GCC_WARN_UNINITIALIZED_AUTOS = YES;
				GCC_WARN_UNUSED_FUNCTION = YES;
				GCC_WARN_UNUSED_VARIABLE = YES;
				IPHONEOS_DEPLOYMENT_TARGET = 7.0;
				SDKROOT = iphoneos;
				VALIDATE_PRODUCT = YES;
			};
			name = Release;
		};
		C999CF77187A9B7C00AD65D5 /* Debug */ = {
			isa = XCBuildConfiguration;
			buildSettings = {
				ASSETCATALOG_COMPILER_APPICON_NAME = AppIcon;
				ASSETCATALOG_COMPILER_LAUNCHIMAGE_NAME = LaunchImage;
				GCC_PRECOMPILE_PREFIX_HEADER = YES;
				GCC_PREFIX_HEADER = "C_Protocol/C_Protocol-Prefix.pch";
				INFOPLIST_FILE = "C_Protocol/C_Protocol-Info.plist";
				PRODUCT_NAME = "$(TARGET_NAME)";
				WRAPPER_EXTENSION = app;
			};
			name = Debug;
		};
		C999CF78187A9B7C00AD65D5 /* Release */ = {
			isa = XCBuildConfiguration;
			buildSettings = {
				ASSETCATALOG_COMPILER_APPICON_NAME = AppIcon;
				ASSETCATALOG_COMPILER_LAUNCHIMAGE_NAME = LaunchImage;
				GCC_PRECOMPILE_PREFIX_HEADER = YES;
				GCC_PREFIX_HEADER = "C_Protocol/C_Protocol-Prefix.pch";
				INFOPLIST_FILE = "C_Protocol/C_Protocol-Info.plist";
				PRODUCT_NAME = "$(TARGET_NAME)";
				WRAPPER_EXTENSION = app;
			};
			name = Release;
		};
		C999CF7A187A9B7C00AD65D5 /* Debug */ = {
			isa = XCBuildConfiguration;
			buildSettings = {
				ARCHS = "$(ARCHS_STANDARD_INCLUDING_64_BIT)";
				BUNDLE_LOADER = "$(BUILT_PRODUCTS_DIR)/C_Protocol.app/C_Protocol";
				FRAMEWORK_SEARCH_PATHS = (
					"$(SDKROOT)/Developer/Library/Frameworks",
					"$(inherited)",
					"$(DEVELOPER_FRAMEWORKS_DIR)",
				);
				GCC_PRECOMPILE_PREFIX_HEADER = YES;
				GCC_PREFIX_HEADER = "C_Protocol/C_Protocol-Prefix.pch";
				GCC_PREPROCESSOR_DEFINITIONS = (
					"DEBUG=1",
					"$(inherited)",
				);
				INFOPLIST_FILE = "C_ProtocolTests/C_ProtocolTests-Info.plist";
				PRODUCT_NAME = "$(TARGET_NAME)";
				TEST_HOST = "$(BUNDLE_LOADER)";
				WRAPPER_EXTENSION = xctest;
			};
			name = Debug;
		};
		C999CF7B187A9B7C00AD65D5 /* Release */ = {
			isa = XCBuildConfiguration;
			buildSettings = {
				ARCHS = "$(ARCHS_STANDARD_INCLUDING_64_BIT)";
				BUNDLE_LOADER = "$(BUILT_PRODUCTS_DIR)/C_Protocol.app/C_Protocol";
				FRAMEWORK_SEARCH_PATHS = (
					"$(SDKROOT)/Developer/Library/Frameworks",
					"$(inherited)",
					"$(DEVELOPER_FRAMEWORKS_DIR)",
				);
				GCC_PRECOMPILE_PREFIX_HEADER = YES;
				GCC_PREFIX_HEADER = "C_Protocol/C_Protocol-Prefix.pch";
				INFOPLIST_FILE = "C_ProtocolTests/C_ProtocolTests-Info.plist";
				PRODUCT_NAME = "$(TARGET_NAME)";
				TEST_HOST = "$(BUNDLE_LOADER)";
				WRAPPER_EXTENSION = xctest;
			};
			name = Release;
		};
/* End XCBuildConfiguration section */

/* Begin XCConfigurationList section */
		C999CF3F187A9B7B00AD65D5 /* Build configuration list for PBXProject "C_Protocol" */ = {
			isa = XCConfigurationList;
			buildConfigurations = (
				C999CF74187A9B7C00AD65D5 /* Debug */,
				C999CF75187A9B7C00AD65D5 /* Release */,
			);
			defaultConfigurationIsVisible = 0;
			defaultConfigurationName = Release;
		};
		C999CF76187A9B7C00AD65D5 /* Build configuration list for PBXNativeTarget "C_Protocol" */ = {
			isa = XCConfigurationList;
			buildConfigurations = (
				C999CF77187A9B7C00AD65D5 /* Debug */,
				C999CF78187A9B7C00AD65D5 /* Release */,
			);
			defaultConfigurationIsVisible = 0;
			defaultConfigurationName = Release;
		};
		C999CF79187A9B7C00AD65D5 /* Build configuration list for PBXNativeTarget "C_ProtocolTests" */ = {
			isa = XCConfigurationList;
			buildConfigurations = (
				C999CF7A187A9B7C00AD65D5 /* Debug */,
				C999CF7B187A9B7C00AD65D5 /* Release */,
			);
			defaultConfigurationIsVisible = 0;
			defaultConfigurationName = Release;
		};
/* End XCConfigurationList section */
	};
	rootObject = C999CF3C187A9B7B00AD65D5 /* Project object */;
}
